// !$*UTF8*$!
{
	archiveVersion = 1;
	classes = {
	};
	objectVersion = 52;
	objects = {

/* Begin PBXBuildFile section */
		3A72DBF621A5A4F3009B7431 /* AppDelegate.swift in Sources */ = {isa = PBXBuildFile; fileRef = 3A72DBF521A5A4F3009B7431 /* AppDelegate.swift */; };
		3A72DBF821A5A4F3009B7431 /* ViewController.swift in Sources */ = {isa = PBXBuildFile; fileRef = 3A72DBF721A5A4F3009B7431 /* ViewController.swift */; };
		3A72DBFB21A5A4F3009B7431 /* Main.storyboard in Resources */ = {isa = PBXBuildFile; fileRef = 3A72DBF921A5A4F3009B7431 /* Main.storyboard */; };
		3A72DBFD21A5A4F4009B7431 /* Assets.xcassets in Resources */ = {isa = PBXBuildFile; fileRef = 3A72DBFC21A5A4F4009B7431 /* Assets.xcassets */; };
		3A72DC0021A5A4F4009B7431 /* LaunchScreen.storyboard in Resources */ = {isa = PBXBuildFile; fileRef = 3A72DBFE21A5A4F4009B7431 /* LaunchScreen.storyboard */; };
		3A72DC0E21A5A9DE009B7431 /* RemoveTaskMutation.graphql in Resources */ = {isa = PBXBuildFile; fileRef = 3A72DC0B21A5A9DE009B7431 /* RemoveTaskMutation.graphql */; };
		3A72DC0F21A5A9DE009B7431 /* ToDoListQuery.graphql in Resources */ = {isa = PBXBuildFile; fileRef = 3A72DC0C21A5A9DE009B7431 /* ToDoListQuery.graphql */; };
		3A72DC1021A5A9DE009B7431 /* AddTaskMutation.graphql in Resources */ = {isa = PBXBuildFile; fileRef = 3A72DC0D21A5A9DE009B7431 /* AddTaskMutation.graphql */; };
		3A72DC1521A5AA5F009B7431 /* GraphQLConstants.swift in Sources */ = {isa = PBXBuildFile; fileRef = 3A72DC1421A5AA5F009B7431 /* GraphQLConstants.swift */; };
		6657E49B254C683F00B58BB6 /* Legacy in Frameworks */ = {isa = PBXBuildFile; productRef = 6657E49A254C683F00B58BB6 /* Legacy */; };
/* End PBXBuildFile section */

/* Begin PBXFileReference section */
		3A72DBF221A5A4F3009B7431 /* ToDo-legacy.app */ = {isa = PBXFileReference; explicitFileType = wrapper.application; includeInIndex = 0; path = "ToDo-legacy.app"; sourceTree = BUILT_PRODUCTS_DIR; };
		3A72DBF521A5A4F3009B7431 /* AppDelegate.swift */ = {isa = PBXFileReference; lastKnownFileType = sourcecode.swift; path = AppDelegate.swift; sourceTree = "<group>"; };
		3A72DBF721A5A4F3009B7431 /* ViewController.swift */ = {isa = PBXFileReference; lastKnownFileType = sourcecode.swift; path = ViewController.swift; sourceTree = "<group>"; };
		3A72DBFA21A5A4F3009B7431 /* Base */ = {isa = PBXFileReference; lastKnownFileType = file.storyboard; name = Base; path = Base.lproj/Main.storyboard; sourceTree = "<group>"; };
		3A72DBFC21A5A4F4009B7431 /* Assets.xcassets */ = {isa = PBXFileReference; lastKnownFileType = folder.assetcatalog; path = Assets.xcassets; sourceTree = "<group>"; };
		3A72DBFF21A5A4F4009B7431 /* Base */ = {isa = PBXFileReference; lastKnownFileType = file.storyboard; name = Base; path = Base.lproj/LaunchScreen.storyboard; sourceTree = "<group>"; };
		3A72DC0121A5A4F4009B7431 /* Info.plist */ = {isa = PBXFileReference; lastKnownFileType = text.plist.xml; path = Info.plist; sourceTree = "<group>"; };
		3A72DC0B21A5A9DE009B7431 /* RemoveTaskMutation.graphql */ = {isa = PBXFileReference; fileEncoding = 4; lastKnownFileType = text; path = RemoveTaskMutation.graphql; sourceTree = "<group>"; };
		3A72DC0C21A5A9DE009B7431 /* ToDoListQuery.graphql */ = {isa = PBXFileReference; fileEncoding = 4; lastKnownFileType = text; path = ToDoListQuery.graphql; sourceTree = "<group>"; };
		3A72DC0D21A5A9DE009B7431 /* AddTaskMutation.graphql */ = {isa = PBXFileReference; fileEncoding = 4; lastKnownFileType = text; path = AddTaskMutation.graphql; sourceTree = "<group>"; };
		3A72DC1421A5AA5F009B7431 /* GraphQLConstants.swift */ = {isa = PBXFileReference; fileEncoding = 4; lastKnownFileType = sourcecode.swift; path = GraphQLConstants.swift; sourceTree = "<group>"; };
/* End PBXFileReference section */

/* Begin PBXFrameworksBuildPhase section */
		3A72DBEF21A5A4F3009B7431 /* Frameworks */ = {
			isa = PBXFrameworksBuildPhase;
			buildActionMask = 2147483647;
			files = (
				6657E49B254C683F00B58BB6 /* Legacy in Frameworks */,
			);
			runOnlyForDeploymentPostprocessing = 0;
		};
/* End PBXFrameworksBuildPhase section */

/* Begin PBXGroup section */
		3A72DBE921A5A4F3009B7431 = {
			isa = PBXGroup;
			children = (
				3A72DBF421A5A4F3009B7431 /* ToDo-legacy */,
				3A72DBF321A5A4F3009B7431 /* Products */,
				3A72DC0721A5A61A009B7431 /* Frameworks */,
			);
			sourceTree = "<group>";
		};
		3A72DBF321A5A4F3009B7431 /* Products */ = {
			isa = PBXGroup;
			children = (
				3A72DBF221A5A4F3009B7431 /* ToDo-legacy.app */,
			);
			name = Products;
			sourceTree = "<group>";
		};
		3A72DBF421A5A4F3009B7431 /* ToDo-legacy */ = {
			isa = PBXGroup;
			children = (
				3A72DC1321A5AA5F009B7431 /* Generated */,
				3A72DC0D21A5A9DE009B7431 /* AddTaskMutation.graphql */,
				3A72DC0B21A5A9DE009B7431 /* RemoveTaskMutation.graphql */,
				3A72DC0C21A5A9DE009B7431 /* ToDoListQuery.graphql */,
				3A72DBF521A5A4F3009B7431 /* AppDelegate.swift */,
				3A72DBF721A5A4F3009B7431 /* ViewController.swift */,
				3A72DBF921A5A4F3009B7431 /* Main.storyboard */,
				3A72DBFC21A5A4F4009B7431 /* Assets.xcassets */,
				3A72DBFE21A5A4F4009B7431 /* LaunchScreen.storyboard */,
				3A72DC0121A5A4F4009B7431 /* Info.plist */,
			);
			path = "ToDo-legacy";
			sourceTree = "<group>";
		};
		3A72DC0721A5A61A009B7431 /* Frameworks */ = {
			isa = PBXGroup;
			children = (
			);
			name = Frameworks;
			sourceTree = "<group>";
		};
		3A72DC1321A5AA5F009B7431 /* Generated */ = {
			isa = PBXGroup;
			children = (
				3A72DC1421A5AA5F009B7431 /* GraphQLConstants.swift */,
			);
			path = Generated;
			sourceTree = "<group>";
		};
/* End PBXGroup section */

/* Begin PBXNativeTarget section */
		3A72DBF121A5A4F3009B7431 /* ToDo-legacy */ = {
			isa = PBXNativeTarget;
			buildConfigurationList = 3A72DC0421A5A4F4009B7431 /* Build configuration list for PBXNativeTarget "ToDo-legacy" */;
			buildPhases = (
				3A72DBEE21A5A4F3009B7431 /* Sources */,
				3A72DBEF21A5A4F3009B7431 /* Frameworks */,
				3A72DBF021A5A4F3009B7431 /* Resources */,
			);
			buildRules = (
			);
			dependencies = (
			);
			name = "ToDo-legacy";
			packageProductDependencies = (
				6657E49A254C683F00B58BB6 /* Legacy */,
			);
			productName = "ToDo-legacy";
			productReference = 3A72DBF221A5A4F3009B7431 /* ToDo-legacy.app */;
			productType = "com.apple.product-type.application";
		};
/* End PBXNativeTarget section */

/* Begin PBXProject section */
		3A72DBEA21A5A4F3009B7431 /* Project object */ = {
			isa = PBXProject;
			attributes = {
				LastSwiftUpdateCheck = 1010;
				LastUpgradeCheck = 1210;
				ORGANIZATIONNAME = Svedm;
				TargetAttributes = {
					3A72DBF121A5A4F3009B7431 = {
						CreatedOnToolsVersion = 10.1;
						LastSwiftMigration = 1030;
					};
				};
			};
			buildConfigurationList = 3A72DBED21A5A4F3009B7431 /* Build configuration list for PBXProject "ToDo-legacy" */;
			compatibilityVersion = "Xcode 9.3";
			developmentRegion = en;
			hasScannedForEncodings = 0;
			knownRegions = (
				en,
				Base,
			);
			mainGroup = 3A72DBE921A5A4F3009B7431;
			packageReferences = (
				6657E499254C683F00B58BB6 /* XCRemoteSwiftPackageReference "legacy" */,
			);
			productRefGroup = 3A72DBF321A5A4F3009B7431 /* Products */;
			projectDirPath = "";
			projectRoot = "";
			targets = (
				3A72DBF121A5A4F3009B7431 /* ToDo-legacy */,
			);
		};
/* End PBXProject section */

/* Begin PBXResourcesBuildPhase section */
		3A72DBF021A5A4F3009B7431 /* Resources */ = {
			isa = PBXResourcesBuildPhase;
			buildActionMask = 2147483647;
			files = (
				3A72DC0021A5A4F4009B7431 /* LaunchScreen.storyboard in Resources */,
				3A72DC1021A5A9DE009B7431 /* AddTaskMutation.graphql in Resources */,
				3A72DC0F21A5A9DE009B7431 /* ToDoListQuery.graphql in Resources */,
				3A72DC0E21A5A9DE009B7431 /* RemoveTaskMutation.graphql in Resources */,
				3A72DBFD21A5A4F4009B7431 /* Assets.xcassets in Resources */,
				3A72DBFB21A5A4F3009B7431 /* Main.storyboard in Resources */,
			);
			runOnlyForDeploymentPostprocessing = 0;
		};
/* End PBXResourcesBuildPhase section */

/* Begin PBXSourcesBuildPhase section */
		3A72DBEE21A5A4F3009B7431 /* Sources */ = {
			isa = PBXSourcesBuildPhase;
			buildActionMask = 2147483647;
			files = (
				3A72DC1521A5AA5F009B7431 /* GraphQLConstants.swift in Sources */,
				3A72DBF821A5A4F3009B7431 /* ViewController.swift in Sources */,
				3A72DBF621A5A4F3009B7431 /* AppDelegate.swift in Sources */,
			);
			runOnlyForDeploymentPostprocessing = 0;
		};
/* End PBXSourcesBuildPhase section */

/* Begin PBXVariantGroup section */
		3A72DBF921A5A4F3009B7431 /* Main.storyboard */ = {
			isa = PBXVariantGroup;
			children = (
				3A72DBFA21A5A4F3009B7431 /* Base */,
			);
			name = Main.storyboard;
			sourceTree = "<group>";
		};
		3A72DBFE21A5A4F4009B7431 /* LaunchScreen.storyboard */ = {
			isa = PBXVariantGroup;
			children = (
				3A72DBFF21A5A4F4009B7431 /* Base */,
			);
			name = LaunchScreen.storyboard;
			sourceTree = "<group>";
		};
/* End PBXVariantGroup section */

/* Begin XCBuildConfiguration section */
		3A72DC0221A5A4F4009B7431 /* Debug */ = {
			isa = XCBuildConfiguration;
			buildSettings = {
				ALWAYS_SEARCH_USER_PATHS = NO;
				CLANG_ANALYZER_NONNULL = YES;
				CLANG_ANALYZER_NUMBER_OBJECT_CONVERSION = YES_AGGRESSIVE;
				CLANG_CXX_LANGUAGE_STANDARD = "gnu++14";
				CLANG_CXX_LIBRARY = "libc++";
				CLANG_ENABLE_MODULES = YES;
				CLANG_ENABLE_OBJC_ARC = YES;
				CLANG_ENABLE_OBJC_WEAK = YES;
				CLANG_WARN_BLOCK_CAPTURE_AUTORELEASING = YES;
				CLANG_WARN_BOOL_CONVERSION = YES;
				CLANG_WARN_COMMA = YES;
				CLANG_WARN_CONSTANT_CONVERSION = YES;
				CLANG_WARN_DEPRECATED_OBJC_IMPLEMENTATIONS = YES;
				CLANG_WARN_DIRECT_OBJC_ISA_USAGE = YES_ERROR;
				CLANG_WARN_DOCUMENTATION_COMMENTS = YES;
				CLANG_WARN_EMPTY_BODY = YES;
				CLANG_WARN_ENUM_CONVERSION = YES;
				CLANG_WARN_INFINITE_RECURSION = YES;
				CLANG_WARN_INT_CONVERSION = YES;
				CLANG_WARN_NON_LITERAL_NULL_CONVERSION = YES;
				CLANG_WARN_OBJC_IMPLICIT_RETAIN_SELF = YES;
				CLANG_WARN_OBJC_LITERAL_CONVERSION = YES;
				CLANG_WARN_OBJC_ROOT_CLASS = YES_ERROR;
				CLANG_WARN_QUOTED_INCLUDE_IN_FRAMEWORK_HEADER = YES;
				CLANG_WARN_RANGE_LOOP_ANALYSIS = YES;
				CLANG_WARN_STRICT_PROTOTYPES = YES;
				CLANG_WARN_SUSPICIOUS_MOVE = YES;
				CLANG_WARN_UNGUARDED_AVAILABILITY = YES_AGGRESSIVE;
				CLANG_WARN_UNREACHABLE_CODE = YES;
				CLANG_WARN__DUPLICATE_METHOD_MATCH = YES;
				CODE_SIGN_IDENTITY = "iPhone Developer";
				COPY_PHASE_STRIP = NO;
				DEBUG_INFORMATION_FORMAT = dwarf;
				ENABLE_STRICT_OBJC_MSGSEND = YES;
				ENABLE_TESTABILITY = YES;
				GCC_C_LANGUAGE_STANDARD = gnu11;
				GCC_DYNAMIC_NO_PIC = NO;
				GCC_NO_COMMON_BLOCKS = YES;
				GCC_OPTIMIZATION_LEVEL = 0;
				GCC_PREPROCESSOR_DEFINITIONS = (
					"DEBUG=1",
					"$(inherited)",
				);
				GCC_WARN_64_TO_32_BIT_CONVERSION = YES;
				GCC_WARN_ABOUT_RETURN_TYPE = YES_ERROR;
				GCC_WARN_UNDECLARED_SELECTOR = YES;
				GCC_WARN_UNINITIALIZED_AUTOS = YES_AGGRESSIVE;
				GCC_WARN_UNUSED_FUNCTION = YES;
				GCC_WARN_UNUSED_VARIABLE = YES;
				IPHONEOS_DEPLOYMENT_TARGET = 12.1;
				MTL_ENABLE_DEBUG_INFO = INCLUDE_SOURCE;
				MTL_FAST_MATH = YES;
				ONLY_ACTIVE_ARCH = YES;
				SDKROOT = iphoneos;
				SWIFT_ACTIVE_COMPILATION_CONDITIONS = DEBUG;
				SWIFT_OPTIMIZATION_LEVEL = "-Onone";
			};
			name = Debug;
		};
		3A72DC0321A5A4F4009B7431 /* Release */ = {
			isa = XCBuildConfiguration;
			buildSettings = {
				ALWAYS_SEARCH_USER_PATHS = NO;
				CLANG_ANALYZER_NONNULL = YES;
				CLANG_ANALYZER_NUMBER_OBJECT_CONVERSION = YES_AGGRESSIVE;
				CLANG_CXX_LANGUAGE_STANDARD = "gnu++14";
				CLANG_CXX_LIBRARY = "libc++";
				CLANG_ENABLE_MODULES = YES;
				CLANG_ENABLE_OBJC_ARC = YES;
				CLANG_ENABLE_OBJC_WEAK = YES;
				CLANG_WARN_BLOCK_CAPTURE_AUTORELEASING = YES;
				CLANG_WARN_BOOL_CONVERSION = YES;
				CLANG_WARN_COMMA = YES;
				CLANG_WARN_CONSTANT_CONVERSION = YES;
				CLANG_WARN_DEPRECATED_OBJC_IMPLEMENTATIONS = YES;
				CLANG_WARN_DIRECT_OBJC_ISA_USAGE = YES_ERROR;
				CLANG_WARN_DOCUMENTATION_COMMENTS = YES;
				CLANG_WARN_EMPTY_BODY = YES;
				CLANG_WARN_ENUM_CONVERSION = YES;
				CLANG_WARN_INFINITE_RECURSION = YES;
				CLANG_WARN_INT_CONVERSION = YES;
				CLANG_WARN_NON_LITERAL_NULL_CONVERSION = YES;
				CLANG_WARN_OBJC_IMPLICIT_RETAIN_SELF = YES;
				CLANG_WARN_OBJC_LITERAL_CONVERSION = YES;
				CLANG_WARN_OBJC_ROOT_CLASS = YES_ERROR;
				CLANG_WARN_QUOTED_INCLUDE_IN_FRAMEWORK_HEADER = YES;
				CLANG_WARN_RANGE_LOOP_ANALYSIS = YES;
				CLANG_WARN_STRICT_PROTOTYPES = YES;
				CLANG_WARN_SUSPICIOUS_MOVE = YES;
				CLANG_WARN_UNGUARDED_AVAILABILITY = YES_AGGRESSIVE;
				CLANG_WARN_UNREACHABLE_CODE = YES;
				CLANG_WARN__DUPLICATE_METHOD_MATCH = YES;
				CODE_SIGN_IDENTITY = "iPhone Developer";
				COPY_PHASE_STRIP = NO;
				DEBUG_INFORMATION_FORMAT = "dwarf-with-dsym";
				ENABLE_NS_ASSERTIONS = NO;
				ENABLE_STRICT_OBJC_MSGSEND = YES;
				GCC_C_LANGUAGE_STANDARD = gnu11;
				GCC_NO_COMMON_BLOCKS = YES;
				GCC_WARN_64_TO_32_BIT_CONVERSION = YES;
				GCC_WARN_ABOUT_RETURN_TYPE = YES_ERROR;
				GCC_WARN_UNDECLARED_SELECTOR = YES;
				GCC_WARN_UNINITIALIZED_AUTOS = YES_AGGRESSIVE;
				GCC_WARN_UNUSED_FUNCTION = YES;
				GCC_WARN_UNUSED_VARIABLE = YES;
				IPHONEOS_DEPLOYMENT_TARGET = 12.1;
				MTL_ENABLE_DEBUG_INFO = NO;
				MTL_FAST_MATH = YES;
				SDKROOT = iphoneos;
				SWIFT_COMPILATION_MODE = wholemodule;
				SWIFT_OPTIMIZATION_LEVEL = "-O";
				VALIDATE_PRODUCT = YES;
			};
			name = Release;
		};
		3A72DC0521A5A4F4009B7431 /* Debug */ = {
			isa = XCBuildConfiguration;
			buildSettings = {
				ASSETCATALOG_COMPILER_APPICON_NAME = AppIcon;
				CODE_SIGN_STYLE = Automatic;
				DEVELOPMENT_TEAM = 6WCU73Y7FL;
				FRAMEWORK_SEARCH_PATHS = "$(inherited)";
				INFOPLIST_FILE = "ToDo-legacy/Info.plist";
				LD_RUNPATH_SEARCH_PATHS = (
					"$(inherited)",
					"@executable_path/Frameworks",
				);
				PRODUCT_BUNDLE_IDENTIFIER = "net.svedm.todo.ToDo-legacy";
				PRODUCT_NAME = "$(TARGET_NAME)";
				SWIFT_VERSION = 5.0;
				TARGETED_DEVICE_FAMILY = "1,2";
			};
			name = Debug;
		};
		3A72DC0621A5A4F4009B7431 /* Release */ = {
			isa = XCBuildConfiguration;
			buildSettings = {
				ASSETCATALOG_COMPILER_APPICON_NAME = AppIcon;
				CODE_SIGN_STYLE = Automatic;
				DEVELOPMENT_TEAM = 6WCU73Y7FL;
				FRAMEWORK_SEARCH_PATHS = "$(inherited)";
				INFOPLIST_FILE = "ToDo-legacy/Info.plist";
				LD_RUNPATH_SEARCH_PATHS = (
					"$(inherited)",
					"@executable_path/Frameworks",
				);
				PRODUCT_BUNDLE_IDENTIFIER = "net.svedm.todo.ToDo-legacy";
				PRODUCT_NAME = "$(TARGET_NAME)";
				SWIFT_VERSION = 5.0;
				TARGETED_DEVICE_FAMILY = "1,2";
			};
			name = Release;
		};
/* End XCBuildConfiguration section */

/* Begin XCConfigurationList section */
		3A72DBED21A5A4F3009B7431 /* Build configuration list for PBXProject "ToDo-legacy" */ = {
			isa = XCConfigurationList;
			buildConfigurations = (
				3A72DC0221A5A4F4009B7431 /* Debug */,
				3A72DC0321A5A4F4009B7431 /* Release */,
			);
			defaultConfigurationIsVisible = 0;
			defaultConfigurationName = Release;
		};
		3A72DC0421A5A4F4009B7431 /* Build configuration list for PBXNativeTarget "ToDo-legacy" */ = {
			isa = XCConfigurationList;
			buildConfigurations = (
				3A72DC0521A5A4F4009B7431 /* Debug */,
				3A72DC0621A5A4F4009B7431 /* Release */,
			);
			defaultConfigurationIsVisible = 0;
			defaultConfigurationName = Release;
		};
/* End XCConfigurationList section */

/* Begin XCRemoteSwiftPackageReference section */
		6657E499254C683F00B58BB6 /* XCRemoteSwiftPackageReference "legacy" */ = {
			isa = XCRemoteSwiftPackageReference;
			repositoryURL = "https://github.com/eugeneego/legacy";
			requirement = {
				kind = upToNextMajorVersion;
				minimumVersion = 7.1.1;
			};
		};
/* End XCRemoteSwiftPackageReference section */

/* Begin XCSwiftPackageProductDependency section */
		6657E49A254C683F00B58BB6 /* Legacy */ = {
			isa = XCSwiftPackageProductDependency;
			package = 6657E499254C683F00B58BB6 /* XCRemoteSwiftPackageReference "legacy" */;
			productName = Legacy;
		};
/* End XCSwiftPackageProductDependency section */
	};
	rootObject = 3A72DBEA21A5A4F3009B7431 /* Project object */;
}
