// !$*UTF8*$!
{
	archiveVersion = 1;
	classes = {
	};
	objectVersion = 50;
	objects = {

/* Begin PBXBuildFile section */
		3A72DBE621A5928D009B7431 /* AddTaskMutation.graphql in Resources */ = {isa = PBXBuildFile; fileRef = 3A72DBE521A5928D009B7431 /* AddTaskMutation.graphql */; };
		3A72DBE821A597C8009B7431 /* RemoveTaskMutation.graphql in Resources */ = {isa = PBXBuildFile; fileRef = 3A72DBE721A597C8009B7431 /* RemoveTaskMutation.graphql */; };
		3AD7FEAD21A588F3009D3830 /* AppDelegate.swift in Sources */ = {isa = PBXBuildFile; fileRef = 3AD7FEAC21A588F3009D3830 /* AppDelegate.swift */; };
		3AD7FEB221A588F3009D3830 /* Main.storyboard in Resources */ = {isa = PBXBuildFile; fileRef = 3AD7FEB021A588F3009D3830 /* Main.storyboard */; };
		3AD7FEB421A588F4009D3830 /* Assets.xcassets in Resources */ = {isa = PBXBuildFile; fileRef = 3AD7FEB321A588F4009D3830 /* Assets.xcassets */; };
		3AD7FEB721A588F4009D3830 /* LaunchScreen.storyboard in Resources */ = {isa = PBXBuildFile; fileRef = 3AD7FEB521A588F4009D3830 /* LaunchScreen.storyboard */; };
		3AD7FEBF21A58A50009D3830 /* ToDoTableViewController.swift in Sources */ = {isa = PBXBuildFile; fileRef = 3AD7FEBE21A58A50009D3830 /* ToDoTableViewController.swift */; };
		3AD7FEC221A58B2E009D3830 /* Apollo.framework in Frameworks */ = {isa = PBXBuildFile; fileRef = 3AD7FEC121A58B2E009D3830 /* Apollo.framework */; };
		3AD7FEC621A58C33009D3830 /* API.swift in Sources */ = {isa = PBXBuildFile; fileRef = 3AD7FEC521A58C33009D3830 /* API.swift */; };
		3AD7FEC821A58CFE009D3830 /* ToDoListQuery.graphql in Resources */ = {isa = PBXBuildFile; fileRef = 3AD7FEC721A58CFE009D3830 /* ToDoListQuery.graphql */; };
/* End PBXBuildFile section */

/* Begin PBXFileReference section */
		3A72DBE521A5928D009B7431 /* AddTaskMutation.graphql */ = {isa = PBXFileReference; lastKnownFileType = text; path = AddTaskMutation.graphql; sourceTree = "<group>"; };
		3A72DBE721A597C8009B7431 /* RemoveTaskMutation.graphql */ = {isa = PBXFileReference; lastKnownFileType = text; path = RemoveTaskMutation.graphql; sourceTree = "<group>"; };
		3AD7FEA921A588F3009D3830 /* ToDo-apollo.app */ = {isa = PBXFileReference; explicitFileType = wrapper.application; includeInIndex = 0; path = "ToDo-apollo.app"; sourceTree = BUILT_PRODUCTS_DIR; };
		3AD7FEAC21A588F3009D3830 /* AppDelegate.swift */ = {isa = PBXFileReference; lastKnownFileType = sourcecode.swift; path = AppDelegate.swift; sourceTree = "<group>"; };
		3AD7FEB121A588F3009D3830 /* Base */ = {isa = PBXFileReference; lastKnownFileType = file.storyboard; name = Base; path = Base.lproj/Main.storyboard; sourceTree = "<group>"; };
		3AD7FEB321A588F4009D3830 /* Assets.xcassets */ = {isa = PBXFileReference; lastKnownFileType = folder.assetcatalog; path = Assets.xcassets; sourceTree = "<group>"; };
		3AD7FEB621A588F4009D3830 /* Base */ = {isa = PBXFileReference; lastKnownFileType = file.storyboard; name = Base; path = Base.lproj/LaunchScreen.storyboard; sourceTree = "<group>"; };
		3AD7FEB821A588F4009D3830 /* Info.plist */ = {isa = PBXFileReference; lastKnownFileType = text.plist.xml; path = Info.plist; sourceTree = "<group>"; };
		3AD7FEBE21A58A50009D3830 /* ToDoTableViewController.swift */ = {isa = PBXFileReference; lastKnownFileType = sourcecode.swift; path = ToDoTableViewController.swift; sourceTree = "<group>"; };
		3AD7FEC121A58B2E009D3830 /* Apollo.framework */ = {isa = PBXFileReference; lastKnownFileType = wrapper.framework; name = Apollo.framework; path = Carthage/Build/iOS/Apollo.framework; sourceTree = "<group>"; };
		3AD7FEC521A58C33009D3830 /* API.swift */ = {isa = PBXFileReference; fileEncoding = 4; lastKnownFileType = sourcecode.swift; path = API.swift; sourceTree = "<group>"; };
		3AD7FEC721A58CFE009D3830 /* ToDoListQuery.graphql */ = {isa = PBXFileReference; lastKnownFileType = text; path = ToDoListQuery.graphql; sourceTree = "<group>"; };
/* End PBXFileReference section */

/* Begin PBXFrameworksBuildPhase section */
		3AD7FEA621A588F3009D3830 /* Frameworks */ = {
			isa = PBXFrameworksBuildPhase;
			buildActionMask = 2147483647;
			files = (
				3AD7FEC221A58B2E009D3830 /* Apollo.framework in Frameworks */,
			);
			runOnlyForDeploymentPostprocessing = 0;
		};
/* End PBXFrameworksBuildPhase section */

/* Begin PBXGroup section */
		3AD7FEA021A588F3009D3830 = {
			isa = PBXGroup;
			children = (
				3AD7FEAB21A588F3009D3830 /* ToDo-apollo */,
				3AD7FEAA21A588F3009D3830 /* Products */,
				3AD7FEC021A58B2E009D3830 /* Frameworks */,
			);
			sourceTree = "<group>";
		};
		3AD7FEAA21A588F3009D3830 /* Products */ = {
			isa = PBXGroup;
			children = (
				3AD7FEA921A588F3009D3830 /* ToDo-apollo.app */,
			);
			name = Products;
			sourceTree = "<group>";
		};
		3AD7FEAB21A588F3009D3830 /* ToDo-apollo */ = {
			isa = PBXGroup;
			children = (
				3AD7FEC521A58C33009D3830 /* API.swift */,
				3AD7FEAC21A588F3009D3830 /* AppDelegate.swift */,
				3AD7FEB021A588F3009D3830 /* Main.storyboard */,
				3AD7FEB321A588F4009D3830 /* Assets.xcassets */,
				3AD7FEB521A588F4009D3830 /* LaunchScreen.storyboard */,
				3AD7FEB821A588F4009D3830 /* Info.plist */,
				3AD7FEBE21A58A50009D3830 /* ToDoTableViewController.swift */,
				3AD7FEC721A58CFE009D3830 /* ToDoListQuery.graphql */,
				3A72DBE521A5928D009B7431 /* AddTaskMutation.graphql */,
				3A72DBE721A597C8009B7431 /* RemoveTaskMutation.graphql */,
			);
			path = "ToDo-apollo";
			sourceTree = "<group>";
		};
		3AD7FEC021A58B2E009D3830 /* Frameworks */ = {
			isa = PBXGroup;
			children = (
				3AD7FEC121A58B2E009D3830 /* Apollo.framework */,
			);
			name = Frameworks;
			sourceTree = "<group>";
		};
/* End PBXGroup section */

/* Begin PBXNativeTarget section */
		3AD7FEA821A588F3009D3830 /* ToDo-apollo */ = {
			isa = PBXNativeTarget;
			buildConfigurationList = 3AD7FEBB21A588F4009D3830 /* Build configuration list for PBXNativeTarget "ToDo-apollo" */;
			buildPhases = (
				3AD7FEC421A58B98009D3830 /* Generate Apollo GraphQL API */,
				3AD7FEA521A588F3009D3830 /* Sources */,
				3AD7FEA621A588F3009D3830 /* Frameworks */,
				3AD7FEA721A588F3009D3830 /* Resources */,
				3AD7FEC321A58B44009D3830 /* Carthage */,
			);
			buildRules = (
			);
			dependencies = (
			);
			name = "ToDo-apollo";
			productName = "ToDo-apollo";
			productReference = 3AD7FEA921A588F3009D3830 /* ToDo-apollo.app */;
			productType = "com.apple.product-type.application";
		};
/* End PBXNativeTarget section */

/* Begin PBXProject section */
		3AD7FEA121A588F3009D3830 /* Project object */ = {
			isa = PBXProject;
			attributes = {
				LastSwiftUpdateCheck = 1010;
				LastUpgradeCheck = 1010;
				ORGANIZATIONNAME = Svedm;
				TargetAttributes = {
					3AD7FEA821A588F3009D3830 = {
						CreatedOnToolsVersion = 10.1;
					};
				};
			};
			buildConfigurationList = 3AD7FEA421A588F3009D3830 /* Build configuration list for PBXProject "ToDo-apollo" */;
			compatibilityVersion = "Xcode 9.3";
			developmentRegion = en;
			hasScannedForEncodings = 0;
			knownRegions = (
				en,
				Base,
			);
			mainGroup = 3AD7FEA021A588F3009D3830;
			productRefGroup = 3AD7FEAA21A588F3009D3830 /* Products */;
			projectDirPath = "";
			projectRoot = "";
			targets = (
				3AD7FEA821A588F3009D3830 /* ToDo-apollo */,
			);
		};
/* End PBXProject section */

/* Begin PBXResourcesBuildPhase section */
		3AD7FEA721A588F3009D3830 /* Resources */ = {
			isa = PBXResourcesBuildPhase;
			buildActionMask = 2147483647;
			files = (
				3AD7FEB721A588F4009D3830 /* LaunchScreen.storyboard in Resources */,
				3A72DBE821A597C8009B7431 /* RemoveTaskMutation.graphql in Resources */,
				3AD7FEB421A588F4009D3830 /* Assets.xcassets in Resources */,
				3AD7FEC821A58CFE009D3830 /* ToDoListQuery.graphql in Resources */,
				3AD7FEB221A588F3009D3830 /* Main.storyboard in Resources */,
				3A72DBE621A5928D009B7431 /* AddTaskMutation.graphql in Resources */,
			);
			runOnlyForDeploymentPostprocessing = 0;
		};
/* End PBXResourcesBuildPhase section */

/* Begin PBXShellScriptBuildPhase section */
		3AD7FEC321A58B44009D3830 /* Carthage */ = {
			isa = PBXShellScriptBuildPhase;
			buildActionMask = 2147483647;
			files = (
			);
			inputFileListPaths = (
			);
			inputPaths = (
				"$(SRCROOT)/Carthage/Build/iOS/Apollo.framework",
			);
			name = Carthage;
			outputFileListPaths = (
			);
			outputPaths = (
			);
			runOnlyForDeploymentPostprocessing = 0;
			shellPath = /bin/sh;
			shellScript = " /usr/local/bin/carthage copy-frameworks\n";
		};
		3AD7FEC421A58B98009D3830 /* Generate Apollo GraphQL API */ = {
			isa = PBXShellScriptBuildPhase;
			buildActionMask = 2147483647;
			files = (
			);
			inputFileListPaths = (
			);
			inputPaths = (
			);
			name = "Generate Apollo GraphQL API";
			outputFileListPaths = (
			);
			outputPaths = (
			);
			runOnlyForDeploymentPostprocessing = 0;
			shellPath = /bin/sh;
			shellScript = "APOLLO_FRAMEWORK_PATH=\"$(eval find $FRAMEWORK_SEARCH_PATHS -name \"Apollo.framework\" -maxdepth 1)\"\n\nif [ -z \"$APOLLO_FRAMEWORK_PATH\" ]; then\necho \"error: Couldn't find Apollo.framework in FRAMEWORK_SEARCH_PATHS; make sure to add the framework to your project.\"\nexit 1\nfi\n\ncd \"${SRCROOT}/${TARGET_NAME}\"\n$APOLLO_FRAMEWORK_PATH/check-and-run-apollo-cli.sh codegen:generate --queries=\"$(find . -name '*.graphql')\" --schema=schema.json API.swift\n";
		};
/* End PBXShellScriptBuildPhase section */

/* Begin PBXSourcesBuildPhase section */
		3AD7FEA521A588F3009D3830 /* Sources */ = {
			isa = PBXSourcesBuildPhase;
			buildActionMask = 2147483647;
			files = (
				3AD7FEAD21A588F3009D3830 /* AppDelegate.swift in Sources */,
				3AD7FEC621A58C33009D3830 /* API.swift in Sources */,
				3AD7FEBF21A58A50009D3830 /* ToDoTableViewController.swift in Sources */,
			);
			runOnlyForDeploymentPostprocessing = 0;
		};
/* End PBXSourcesBuildPhase section */

/* Begin PBXVariantGroup section */
		3AD7FEB021A588F3009D3830 /* Main.storyboard */ = {
			isa = PBXVariantGroup;
			children = (
				3AD7FEB121A588F3009D3830 /* Base */,
			);
			name = Main.storyboard;
			sourceTree = "<group>";
		};
		3AD7FEB521A588F4009D3830 /* LaunchScreen.storyboard */ = {
			isa = PBXVariantGroup;
			children = (
				3AD7FEB621A588F4009D3830 /* Base */,
			);
			name = LaunchScreen.storyboard;
			sourceTree = "<group>";
		};
/* End PBXVariantGroup section */

/* Begin XCBuildConfiguration section */
		3AD7FEB921A588F4009D3830 /* Debug */ = {
			isa = XCBuildConfiguration;
			buildSettings = {
				ALWAYS_SEARCH_USER_PATHS = NO;
				CLANG_ANALYZER_NONNULL = YES;
				CLANG_ANALYZER_NUMBER_OBJECT_CONVERSION = YES_AGGRESSIVE;
				CLANG_CXX_LANGUAGE_STANDARD = "gnu++14";
				CLANG_CXX_LIBRARY = "libc++";
				CLANG_ENABLE_MODULES = YES;
				CLANG_ENABLE_OBJC_ARC = YES;
				CLANG_ENABLE_OBJC_WEAK = YES;
				CLANG_WARN_BLOCK_CAPTURE_AUTORELEASING = YES;
				CLANG_WARN_BOOL_CONVERSION = YES;
				CLANG_WARN_COMMA = YES;
				CLANG_WARN_CONSTANT_CONVERSION = YES;
				CLANG_WARN_DEPRECATED_OBJC_IMPLEMENTATIONS = YES;
				CLANG_WARN_DIRECT_OBJC_ISA_USAGE = YES_ERROR;
				CLANG_WARN_DOCUMENTATION_COMMENTS = YES;
				CLANG_WARN_EMPTY_BODY = YES;
				CLANG_WARN_ENUM_CONVERSION = YES;
				CLANG_WARN_INFINITE_RECURSION = YES;
				CLANG_WARN_INT_CONVERSION = YES;
				CLANG_WARN_NON_LITERAL_NULL_CONVERSION = YES;
				CLANG_WARN_OBJC_IMPLICIT_RETAIN_SELF = YES;
				CLANG_WARN_OBJC_LITERAL_CONVERSION = YES;
				CLANG_WARN_OBJC_ROOT_CLASS = YES_ERROR;
				CLANG_WARN_RANGE_LOOP_ANALYSIS = YES;
				CLANG_WARN_STRICT_PROTOTYPES = YES;
				CLANG_WARN_SUSPICIOUS_MOVE = YES;
				CLANG_WARN_UNGUARDED_AVAILABILITY = YES_AGGRESSIVE;
				CLANG_WARN_UNREACHABLE_CODE = YES;
				CLANG_WARN__DUPLICATE_METHOD_MATCH = YES;
				CODE_SIGN_IDENTITY = "iPhone Developer";
				COPY_PHASE_STRIP = NO;
				DEBUG_INFORMATION_FORMAT = dwarf;
				ENABLE_STRICT_OBJC_MSGSEND = YES;
				ENABLE_TESTABILITY = YES;
				GCC_C_LANGUAGE_STANDARD = gnu11;
				GCC_DYNAMIC_NO_PIC = NO;
				GCC_NO_COMMON_BLOCKS = YES;
				GCC_OPTIMIZATION_LEVEL = 0;
				GCC_PREPROCESSOR_DEFINITIONS = (
					"DEBUG=1",
					"$(inherited)",
				);
				GCC_WARN_64_TO_32_BIT_CONVERSION = YES;
				GCC_WARN_ABOUT_RETURN_TYPE = YES_ERROR;
				GCC_WARN_UNDECLARED_SELECTOR = YES;
				GCC_WARN_UNINITIALIZED_AUTOS = YES_AGGRESSIVE;
				GCC_WARN_UNUSED_FUNCTION = YES;
				GCC_WARN_UNUSED_VARIABLE = YES;
				IPHONEOS_DEPLOYMENT_TARGET = 12.1;
				MTL_ENABLE_DEBUG_INFO = INCLUDE_SOURCE;
				MTL_FAST_MATH = YES;
				ONLY_ACTIVE_ARCH = YES;
				SDKROOT = iphoneos;
				SWIFT_ACTIVE_COMPILATION_CONDITIONS = DEBUG;
				SWIFT_OPTIMIZATION_LEVEL = "-Onone";
			};
			name = Debug;
		};
		3AD7FEBA21A588F4009D3830 /* Release */ = {
			isa = XCBuildConfiguration;
			buildSettings = {
				ALWAYS_SEARCH_USER_PATHS = NO;
				CLANG_ANALYZER_NONNULL = YES;
				CLANG_ANALYZER_NUMBER_OBJECT_CONVERSION = YES_AGGRESSIVE;
				CLANG_CXX_LANGUAGE_STANDARD = "gnu++14";
				CLANG_CXX_LIBRARY = "libc++";
				CLANG_ENABLE_MODULES = YES;
				CLANG_ENABLE_OBJC_ARC = YES;
				CLANG_ENABLE_OBJC_WEAK = YES;
				CLANG_WARN_BLOCK_CAPTURE_AUTORELEASING = YES;
				CLANG_WARN_BOOL_CONVERSION = YES;
				CLANG_WARN_COMMA = YES;
				CLANG_WARN_CONSTANT_CONVERSION = YES;
				CLANG_WARN_DEPRECATED_OBJC_IMPLEMENTATIONS = YES;
				CLANG_WARN_DIRECT_OBJC_ISA_USAGE = YES_ERROR;
				CLANG_WARN_DOCUMENTATION_COMMENTS = YES;
				CLANG_WARN_EMPTY_BODY = YES;
				CLANG_WARN_ENUM_CONVERSION = YES;
				CLANG_WARN_INFINITE_RECURSION = YES;
				CLANG_WARN_INT_CONVERSION = YES;
				CLANG_WARN_NON_LITERAL_NULL_CONVERSION = YES;
				CLANG_WARN_OBJC_IMPLICIT_RETAIN_SELF = YES;
				CLANG_WARN_OBJC_LITERAL_CONVERSION = YES;
				CLANG_WARN_OBJC_ROOT_CLASS = YES_ERROR;
				CLANG_WARN_RANGE_LOOP_ANALYSIS = YES;
				CLANG_WARN_STRICT_PROTOTYPES = YES;
				CLANG_WARN_SUSPICIOUS_MOVE = YES;
				CLANG_WARN_UNGUARDED_AVAILABILITY = YES_AGGRESSIVE;
				CLANG_WARN_UNREACHABLE_CODE = YES;
				CLANG_WARN__DUPLICATE_METHOD_MATCH = YES;
				CODE_SIGN_IDENTITY = "iPhone Developer";
				COPY_PHASE_STRIP = NO;
				DEBUG_INFORMATION_FORMAT = "dwarf-with-dsym";
				ENABLE_NS_ASSERTIONS = NO;
				ENABLE_STRICT_OBJC_MSGSEND = YES;
				GCC_C_LANGUAGE_STANDARD = gnu11;
				GCC_NO_COMMON_BLOCKS = YES;
				GCC_WARN_64_TO_32_BIT_CONVERSION = YES;
				GCC_WARN_ABOUT_RETURN_TYPE = YES_ERROR;
				GCC_WARN_UNDECLARED_SELECTOR = YES;
				GCC_WARN_UNINITIALIZED_AUTOS = YES_AGGRESSIVE;
				GCC_WARN_UNUSED_FUNCTION = YES;
				GCC_WARN_UNUSED_VARIABLE = YES;
				IPHONEOS_DEPLOYMENT_TARGET = 12.1;
				MTL_ENABLE_DEBUG_INFO = NO;
				MTL_FAST_MATH = YES;
				SDKROOT = iphoneos;
				SWIFT_COMPILATION_MODE = wholemodule;
				SWIFT_OPTIMIZATION_LEVEL = "-O";
				VALIDATE_PRODUCT = YES;
			};
			name = Release;
		};
		3AD7FEBC21A588F4009D3830 /* Debug */ = {
			isa = XCBuildConfiguration;
			buildSettings = {
				ASSETCATALOG_COMPILER_APPICON_NAME = AppIcon;
				CODE_SIGN_STYLE = Automatic;
				DEVELOPMENT_TEAM = 6WCU73Y7FL;
				FRAMEWORK_SEARCH_PATHS = (
					"$(inherited)",
					"$(PROJECT_DIR)/Carthage/Build/iOS",
				);
				INFOPLIST_FILE = "ToDo-apollo/Info.plist";
				LD_RUNPATH_SEARCH_PATHS = (
					"$(inherited)",
					"@executable_path/Frameworks",
				);
				PRODUCT_BUNDLE_IDENTIFIER = "net.svedm.apollo.ToDo-apollo";
				PRODUCT_NAME = "$(TARGET_NAME)";
				SWIFT_VERSION = 4.2;
				TARGETED_DEVICE_FAMILY = "1,2";
			};
			name = Debug;
		};
		3AD7FEBD21A588F4009D3830 /* Release */ = {
			isa = XCBuildConfiguration;
			buildSettings = {
				ASSETCATALOG_COMPILER_APPICON_NAME = AppIcon;
				CODE_SIGN_STYLE = Automatic;
				DEVELOPMENT_TEAM = 6WCU73Y7FL;
				FRAMEWORK_SEARCH_PATHS = (
					"$(inherited)",
					"$(PROJECT_DIR)/Carthage/Build/iOS",
				);
				INFOPLIST_FILE = "ToDo-apollo/Info.plist";
				LD_RUNPATH_SEARCH_PATHS = (
					"$(inherited)",
					"@executable_path/Frameworks",
				);
				PRODUCT_BUNDLE_IDENTIFIER = "net.svedm.apollo.ToDo-apollo";
				PRODUCT_NAME = "$(TARGET_NAME)";
				SWIFT_VERSION = 4.2;
				TARGETED_DEVICE_FAMILY = "1,2";
			};
			name = Release;
		};
/* End XCBuildConfiguration section */

/* Begin XCConfigurationList section */
		3AD7FEA421A588F3009D3830 /* Build configuration list for PBXProject "ToDo-apollo" */ = {
			isa = XCConfigurationList;
			buildConfigurations = (
				3AD7FEB921A588F4009D3830 /* Debug */,
				3AD7FEBA21A588F4009D3830 /* Release */,
			);
			defaultConfigurationIsVisible = 0;
			defaultConfigurationName = Release;
		};
		3AD7FEBB21A588F4009D3830 /* Build configuration list for PBXNativeTarget "ToDo-apollo" */ = {
			isa = XCConfigurationList;
			buildConfigurations = (
				3AD7FEBC21A588F4009D3830 /* Debug */,
				3AD7FEBD21A588F4009D3830 /* Release */,
			);
			defaultConfigurationIsVisible = 0;
			defaultConfigurationName = Release;
		};
/* End XCConfigurationList section */
	};
	rootObject = 3AD7FEA121A588F3009D3830 /* Project object */;
}
